
Microsoft Visual Studio Solution File, Format Version 12.00
# Visual Studio 15
VisualStudioVersion = 15.0.27004.2009
MinimumVisualStudioVersion = 10.0.40219.1
Project("{FAE04EC0-301F-11D3-BF4B-00C04F79EFBC}") = "PastebinCrawlerLib", "PastebinCrawlerLib.csproj", "{D6AF8994-5D50-4892-BF4F-1A408DBC4B5B}"
EndProject
Project("{FAE04EC0-301F-11D3-BF4B-00C04F79EFBC}") = "TestPastebinCrawlerLib", "..\TestPastebinCrawlerLib\TestPastebinCrawlerLib.csproj", "{D6200788-9A1F-463F-AC4C-7A4F69224C00}"
EndProject
Global
	GlobalSection(SolutionConfigurationPlatforms) = preSolution
		Debug|Any CPU = Debug|Any CPU
		Release|Any CPU = Release|Any CPU
	EndGlobalSection
	GlobalSection(ProjectConfigurationPlatforms) = postSolution
		{D6AF8994-5D50-4892-BF4F-1A408DBC4B5B}.Debug|Any CPU.ActiveCfg = Debug|Any CPU
		{D6AF8994-5D50-4892-BF4F-1A408DBC4B5B}.Debug|Any CPU.Build.0 = Debug|Any CPU
		{D6AF8994-5D50-4892-BF4F-1A408DBC4B5B}.Release|Any CPU.ActiveCfg = Release|Any CPU
		{D6AF8994-5D50-4892-BF4F-1A408DBC4B5B}.Release|Any CPU.Build.0 = Release|Any CPU
		{D6200788-9A1F-463F-AC4C-7A4F69224C00}.Debug|Any CPU.ActiveCfg = Debug|Any CPU
		{D6200788-9A1F-463F-AC4C-7A4F69224C00}.Debug|Any CPU.Build.0 = Debug|Any CPU
		{D6200788-9A1F-463F-AC4C-7A4F69224C00}.Release|Any CPU.ActiveCfg = Release|Any CPU
		{D6200788-9A1F-463F-AC4C-7A4F69224C00}.Release|Any CPU.Build.0 = Release|Any CPU
	EndGlobalSection
	GlobalSection(SolutionProperties) = preSolution
		HideSolutionNode = FALSE
	EndGlobalSection
	GlobalSection(ExtensibilityGlobals) = postSolution
		SolutionGuid = {E4DB0586-B3D0-4D3F-B1ED-0BACC3A26782}
	EndGlobalSection
EndGlobal
